
Microsoft Visual Studio Solution File, Format Version 12.00
# Visual Studio Version 17
VisualStudioVersion = 17.12.35514.174 d17.12
MinimumVisualStudioVersion = 10.0.40219.1
Project("{FAE04EC0-301F-11D3-BF4B-00C04F79EFBC}") = "AspAngularStartApp1.Server", "AspAngularStartApp1.Server\AspAngularStartApp1.Server.csproj", "{3C42FDC6-2B7F-44C1-AB39-375311BD5586}"
EndProject
Project("{54A90642-561A-4BB1-A94E-469ADEE60C69}") = "aspangularstartapp1.client", "aspangularstartapp1.client\aspangularstartapp1.client.esproj", "{BB87E523-2496-4483-80C3-CB33D0B91900}"
EndProject
Global
	GlobalSection(SolutionConfigurationPlatforms) = preSolution
		Debug|Any CPU = Debug|Any CPU
		Release|Any CPU = Release|Any CPU
	EndGlobalSection
	GlobalSection(ProjectConfigurationPlatforms) = postSolution
		{3C42FDC6-2B7F-44C1-AB39-375311BD5586}.Debug|Any CPU.ActiveCfg = Debug|Any CPU
		{3C42FDC6-2B7F-44C1-AB39-375311BD5586}.Debug|Any CPU.Build.0 = Debug|Any CPU
		{3C42FDC6-2B7F-44C1-AB39-375311BD5586}.Release|Any CPU.ActiveCfg = Release|Any CPU
		{3C42FDC6-2B7F-44C1-AB39-375311BD5586}.Release|Any CPU.Build.0 = Release|Any CPU
		{BB87E523-2496-4483-80C3-CB33D0B91900}.Debug|Any CPU.ActiveCfg = Debug|Any CPU
		{BB87E523-2496-4483-80C3-CB33D0B91900}.Debug|Any CPU.Build.0 = Debug|Any CPU
		{BB87E523-2496-4483-80C3-CB33D0B91900}.Debug|Any CPU.Deploy.0 = Debug|Any CPU
		{BB87E523-2496-4483-80C3-CB33D0B91900}.Release|Any CPU.ActiveCfg = Release|Any CPU
		{BB87E523-2496-4483-80C3-CB33D0B91900}.Release|Any CPU.Build.0 = Release|Any CPU
		{BB87E523-2496-4483-80C3-CB33D0B91900}.Release|Any CPU.Deploy.0 = Release|Any CPU
	EndGlobalSection
	GlobalSection(SolutionProperties) = preSolution
		HideSolutionNode = FALSE
	EndGlobalSection
EndGlobal
